# @generated - this file is auto-generated by `mise lock` https://mise.jdx.dev/dev-tools/mise-lock.html

[[tools.actionlint]]
version = "1.7.7"
backend = "aqua:rhysd/actionlint"

[tools.actionlint."platforms.linux-x64"]
checksum = "sha256:023070a287cd8cccd71515fedc843f1985bf96c436b7effaecce67290e7e0757"
url = "https://github.com/rhysd/actionlint/releases/download/v1.7.7/actionlint_1.7.7_linux_amd64.tar.gz"

[tools.actionlint."platforms.macos-arm64"]
checksum = "sha256:2693315b9093aeacb4ebd91a993fea54fc215057bf0da2659056b4bc033873db"
url = "https://github.com/rhysd/actionlint/releases/download/v1.7.7/actionlint_1.7.7_darwin_arm64.tar.gz"

[[tools.ansible-core]]
version = "2.20.5"
backend = "pipx:ansible-core"

[[tools.conftest]]
version = "0.62.0"
backend = "aqua:open-policy-agent/conftest"

[tools.conftest."platforms.linux-x64"]
checksum = "sha256:284231908e4cf66d156e5577c3eee2f67d9f2edf2521fa2309e0df1969f871e5"
url = "https://github.com/open-policy-agent/conftest/releases/download/v0.62.0/conftest_0.62.0_Linux_x86_64.tar.gz"

[tools.conftest."platforms.macos-arm64"]
checksum = "sha256:559b11b5d7f3879b19e4b87801a72e014c28556c1c799864073524022e50ea2d"
url = "https://github.com/open-policy-agent/conftest/releases/download/v0.62.0/conftest_0.62.0_Darwin_arm64.tar.gz"

[[tools.flux2]]
version = "2.8.5"
backend = "aqua:fluxcd/flux2"

[tools.flux2."platforms.linux-x64"]
checksum = "sha256:63c178ba938a5443265b2ce02691c005acf4ef6188d4dbb9b9d87333558948c4"
url = "https://github.com/fluxcd/flux2/releases/download/v2.8.5/flux_2.8.5_linux_amd64.tar.gz"

[tools.flux2."platforms.linux-x64".provenance.slsa]
url = "https://github.com/fluxcd/flux2/releases/download/v2.8.5/provenance.intoto.jsonl"

[tools.flux2."platforms.macos-arm64"]
checksum = "sha256:de5f796c7e836bc07a8bdf227c0ccde74e3938270603d527ddf17e62d0275d44"
url = "https://github.com/fluxcd/flux2/releases/download/v2.8.5/flux_2.8.5_darwin_arm64.tar.gz"

[tools.flux2."platforms.macos-arm64".provenance.slsa]
url = "https://github.com/fluxcd/flux2/releases/download/v2.8.5/provenance.intoto.jsonl"

[[tools.helm]]
version = "3.20.1"
backend = "aqua:helm/helm"

[tools.helm."platforms.linux-x64"]
checksum = "sha256:0165ee4a2db012cc657381001e593e981f42aa5707acdd50658326790c9d0dc3"
url = "https://get.helm.sh/helm-v3.20.1-linux-amd64.tar.gz"

[tools.helm."platforms.macos-arm64"]
checksum = "sha256:75cc96ac3fe8b8b9928eb051e55698e98d1e026967b6bffe4f0f3c538a551b65"
url = "https://get.helm.sh/helm-v3.20.1-darwin-arm64.tar.gz"

[[tools.k9s]]
version = "0.50.18"
backend = "aqua:derailed/k9s"

[tools.k9s."platforms.linux-x64"]
checksum = "sha256:0b697ed4aa80997f7de4deeed6f1fba73df191b28bf691b1f28d2f45fa2a9e9b"
url = "https://github.com/derailed/k9s/releases/download/v0.50.18/k9s_Linux_amd64.tar.gz"

[tools.k9s."platforms.macos-arm64"]
checksum = "sha256:68ff1541c60620466989019e86101805c1b6c70a746b1561261a403801f7fd48"
url = "https://github.com/derailed/k9s/releases/download/v0.50.18/k9s_Darwin_arm64.tar.gz"

[[tools.kubeconform]]
version = "0.6.7"
backend = "aqua:yannh/kubeconform"

[tools.kubeconform."platforms.linux-x64"]
checksum = "sha256:95f14e87aa28c09d5941f11bd024c1d02fdc0303ccaa23f61cef67bc92619d73"
url = "https://github.com/yannh/kubeconform/releases/download/v0.6.7/kubeconform-linux-amd64.tar.gz"

[tools.kubeconform."platforms.macos-arm64"]
checksum = "sha256:cbb47d938a8d18eb5f79cb33663b2cecdee0c8ac0bf562ebcfca903df5f0802f"
url = "https://github.com/yannh/kubeconform/releases/download/v0.6.7/kubeconform-darwin-arm64.tar.gz"

[[tools.kustomize]]
version = "5.8.1"
backend = "aqua:kubernetes-sigs/kustomize"

[tools.kustomize."platforms.linux-x64"]
checksum = "sha256:029a7f0f4e1932c52a0476cf02a0fd855c0bb85694b82c338fc648dcb53a819d"
url = "https://github.com/kubernetes-sigs/kustomize/releases/download/kustomize/v5.8.1/kustomize_v5.8.1_linux_amd64.tar.gz"

[tools.kustomize."platforms.macos-arm64"]
checksum = "sha256:8886f8a78474e608cc81234f729fda188a9767da23e28925802f00ece2bab288"
url = "https://github.com/kubernetes-sigs/kustomize/releases/download/kustomize/v5.8.1/kustomize_v5.8.1_darwin_arm64.tar.gz"

[[tools.packer]]
version = "1.15.1"
backend = "aqua:hashicorp/packer"

[tools.packer."platforms.linux-x64"]
checksum = "sha256:648d704bec73805a5508ed612185a9e5858ca7d57b730b88b1a54c3af3a91f5f"
url = "https://releases.hashicorp.com/packer/1.15.1/packer_1.15.1_linux_amd64.zip"

[tools.packer."platforms.macos-arm64"]
checksum = "sha256:dc7101854964dce31d379f9a66a1b3256381242dd670dcad25add6f2f299d934"
url = "https://releases.hashicorp.com/packer/1.15.1/packer_1.15.1_darwin_arm64.zip"

[[tools."pipx:ansible-lint"]]
version = "26.4.0"
backend = "pipx:ansible-lint"

[[tools.stern]]
version = "1.33.1"
backend = "aqua:stern/stern"

[tools.stern."platforms.linux-x64"]
checksum = "sha256:185be29c6a22bd07c0791ec697900943c0cc27292e5a5640a07a543886f1bfc9"
url = "https://github.com/stern/stern/releases/download/v1.33.1/stern_1.33.1_linux_amd64.tar.gz"

[tools.stern."platforms.macos-arm64"]
checksum = "sha256:bdca897b9bd5a0ee8b4d1f4e00c8e63cf503d2f85abceab4ae6a276a7d232d95"
url = "https://github.com/stern/stern/releases/download/v1.33.1/stern_1.33.1_darwin_arm64.tar.gz"

[[tools.uv]]
version = "0.11.7"
backend = "aqua:astral-sh/uv"

[tools.uv."platforms.linux-x64"]
checksum = "sha256:64ddb5f1087649e3f75aa50d139aa4f36ddde728a5295a141e0fa9697bfb7b0f"
url = "https://github.com/astral-sh/uv/releases/download/0.11.7/uv-x86_64-unknown-linux-musl.tar.gz"
provenance = "github-attestations"

[tools.uv."platforms.macos-arm64"]
checksum = "sha256:66e37d91f839e12481d7b932a1eccbfe732560f42c1cfb89faddfa2454534ba8"
url = "https://github.com/astral-sh/uv/releases/download/0.11.7/uv-aarch64-apple-darwin.tar.gz"
provenance = "github-attestations"

[[tools.yamllint]]
version = "1.38.0"
backend = "pipx:yamllint"
